// !$*UTF8*$!
{
	archiveVersion = 1;
	classes = {
	};
	objectVersion = 46;
	objects = {

/* Begin PBXBuildFile section */
		2D115B721AB02CB2005CCB1D /* TableViewController.swift in Sources */ = {isa = PBXBuildFile; fileRef = 2D115B711AB02CB2005CCB1D /* TableViewController.swift */; };
		2D115B741AB0346B005CCB1D /* Marker.swift in Sources */ = {isa = PBXBuildFile; fileRef = 2D115B731AB0346B005CCB1D /* Marker.swift */; };
		2D2B595D1AA5915F0074D11F /* SwiftyJSON.swift in Sources */ = {isa = PBXBuildFile; fileRef = 2D2B595C1AA5915F0074D11F /* SwiftyJSON.swift */; };
		2D2B595F1AA59B0E0074D11F /* DataManager.swift in Sources */ = {isa = PBXBuildFile; fileRef = 2D2B595E1AA59B0E0074D11F /* DataManager.swift */; };
		2D4155791A84A571004B6A0E /* AppDelegate.swift in Sources */ = {isa = PBXBuildFile; fileRef = 2D4155781A84A571004B6A0E /* AppDelegate.swift */; };
		2D41557B1A84A571004B6A0E /* ViewController.swift in Sources */ = {isa = PBXBuildFile; fileRef = 2D41557A1A84A571004B6A0E /* ViewController.swift */; };
		2D41557E1A84A571004B6A0E /* Main.storyboard in Resources */ = {isa = PBXBuildFile; fileRef = 2D41557C1A84A571004B6A0E /* Main.storyboard */; };
		2D4155801A84A571004B6A0E /* Images.xcassets in Resources */ = {isa = PBXBuildFile; fileRef = 2D41557F1A84A571004B6A0E /* Images.xcassets */; };
		2D4155831A84A571004B6A0E /* LaunchScreen.xib in Resources */ = {isa = PBXBuildFile; fileRef = 2D4155811A84A571004B6A0E /* LaunchScreen.xib */; };
		2D41558F1A84A571004B6A0E /* Map_TaggerTests.swift in Sources */ = {isa = PBXBuildFile; fileRef = 2D41558E1A84A571004B6A0E /* Map_TaggerTests.swift */; };
		2D41559A1A84AE4F004B6A0E /* GoogleMaps.framework in Frameworks */ = {isa = PBXBuildFile; fileRef = 2D4155991A84AE4F004B6A0E /* GoogleMaps.framework */; };
		2D41559C1A84AF4D004B6A0E /* GoogleMaps.bundle in Resources */ = {isa = PBXBuildFile; fileRef = 2D41559B1A84AF4D004B6A0E /* GoogleMaps.bundle */; };
		2D41559E1A84AFF2004B6A0E /* AVFoundation.framework in Frameworks */ = {isa = PBXBuildFile; fileRef = 2D41559D1A84AFF2004B6A0E /* AVFoundation.framework */; };
		2D4155A01A84B001004B6A0E /* CoreData.framework in Frameworks */ = {isa = PBXBuildFile; fileRef = 2D41559F1A84B001004B6A0E /* CoreData.framework */; };
		2D4155A21A84B00F004B6A0E /* CoreLocation.framework in Frameworks */ = {isa = PBXBuildFile; fileRef = 2D4155A11A84B00F004B6A0E /* CoreLocation.framework */; };
		2D4155A41A84B01E004B6A0E /* GLKit.framework in Frameworks */ = {isa = PBXBuildFile; fileRef = 2D4155A31A84B01E004B6A0E /* GLKit.framework */; };
		2D4155A61A84B02C004B6A0E /* ImageIO.framework in Frameworks */ = {isa = PBXBuildFile; fileRef = 2D4155A51A84B02C004B6A0E /* ImageIO.framework */; };
		2D4155A81A84B03D004B6A0E /* libc++.dylib in Frameworks */ = {isa = PBXBuildFile; fileRef = 2D4155A71A84B03D004B6A0E /* libc++.dylib */; };
		2D4155AA1A84B050004B6A0E /* libicucore.dylib in Frameworks */ = {isa = PBXBuildFile; fileRef = 2D4155A91A84B050004B6A0E /* libicucore.dylib */; };
		2D4155AC1A84B060004B6A0E /* libz.dylib in Frameworks */ = {isa = PBXBuildFile; fileRef = 2D4155AB1A84B060004B6A0E /* libz.dylib */; };
		2D4155AE1A84B06E004B6A0E /* OpenGLES.framework in Frameworks */ = {isa = PBXBuildFile; fileRef = 2D4155AD1A84B06E004B6A0E /* OpenGLES.framework */; };
		2D4155B01A84B07B004B6A0E /* QuartzCore.framework in Frameworks */ = {isa = PBXBuildFile; fileRef = 2D4155AF1A84B07B004B6A0E /* QuartzCore.framework */; };
		2D4155B21A84B08C004B6A0E /* SystemConfiguration.framework in Frameworks */ = {isa = PBXBuildFile; fileRef = 2D4155B11A84B08C004B6A0E /* SystemConfiguration.framework */; };
/* End PBXBuildFile section */

/* Begin PBXContainerItemProxy section */
		2D4155891A84A571004B6A0E /* PBXContainerItemProxy */ = {
			isa = PBXContainerItemProxy;
			containerPortal = 2D41556B1A84A571004B6A0E /* Project object */;
			proxyType = 1;
			remoteGlobalIDString = 2D4155721A84A571004B6A0E;
			remoteInfo = "Map Tagger";
		};
/* End PBXContainerItemProxy section */

/* Begin PBXFileReference section */
		2D115B711AB02CB2005CCB1D /* TableViewController.swift */ = {isa = PBXFileReference; fileEncoding = 4; lastKnownFileType = sourcecode.swift; path = TableViewController.swift; sourceTree = "<group>"; };
		2D115B731AB0346B005CCB1D /* Marker.swift */ = {isa = PBXFileReference; fileEncoding = 4; lastKnownFileType = sourcecode.swift; path = Marker.swift; sourceTree = "<group>"; };
		2D2B595C1AA5915F0074D11F /* SwiftyJSON.swift */ = {isa = PBXFileReference; fileEncoding = 4; lastKnownFileType = sourcecode.swift; path = SwiftyJSON.swift; sourceTree = "<group>"; };
		2D2B595E1AA59B0E0074D11F /* DataManager.swift */ = {isa = PBXFileReference; fileEncoding = 4; lastKnownFileType = sourcecode.swift; path = DataManager.swift; sourceTree = "<group>"; };
		2D4155731A84A571004B6A0E /* Map Tagger.app */ = {isa = PBXFileReference; explicitFileType = wrapper.application; includeInIndex = 0; path = "Map Tagger.app"; sourceTree = BUILT_PRODUCTS_DIR; };
		2D4155771A84A571004B6A0E /* Info.plist */ = {isa = PBXFileReference; lastKnownFileType = text.plist.xml; path = Info.plist; sourceTree = "<group>"; };
		2D4155781A84A571004B6A0E /* AppDelegate.swift */ = {isa = PBXFileReference; lastKnownFileType = sourcecode.swift; path = AppDelegate.swift; sourceTree = "<group>"; };
		2D41557A1A84A571004B6A0E /* ViewController.swift */ = {isa = PBXFileReference; lastKnownFileType = sourcecode.swift; path = ViewController.swift; sourceTree = "<group>"; };
		2D41557D1A84A571004B6A0E /* Base */ = {isa = PBXFileReference; lastKnownFileType = file.storyboard; name = Base; path = Base.lproj/Main.storyboard; sourceTree = "<group>"; };
		2D41557F1A84A571004B6A0E /* Images.xcassets */ = {isa = PBXFileReference; lastKnownFileType = folder.assetcatalog; path = Images.xcassets; sourceTree = "<group>"; };
		2D4155821A84A571004B6A0E /* Base */ = {isa = PBXFileReference; lastKnownFileType = file.xib; name = Base; path = Base.lproj/LaunchScreen.xib; sourceTree = "<group>"; };
		2D4155881A84A571004B6A0E /* Map TaggerTests.xctest */ = {isa = PBXFileReference; explicitFileType = wrapper.cfbundle; includeInIndex = 0; path = "Map TaggerTests.xctest"; sourceTree = BUILT_PRODUCTS_DIR; };
		2D41558D1A84A571004B6A0E /* Info.plist */ = {isa = PBXFileReference; lastKnownFileType = text.plist.xml; path = Info.plist; sourceTree = "<group>"; };
		2D41558E1A84A571004B6A0E /* Map_TaggerTests.swift */ = {isa = PBXFileReference; lastKnownFileType = sourcecode.swift; path = Map_TaggerTests.swift; sourceTree = "<group>"; };
		2D4155991A84AE4F004B6A0E /* GoogleMaps.framework */ = {isa = PBXFileReference; lastKnownFileType = wrapper.framework; path = GoogleMaps.framework; sourceTree = "<group>"; };
		2D41559B1A84AF4D004B6A0E /* GoogleMaps.bundle */ = {isa = PBXFileReference; lastKnownFileType = "wrapper.plug-in"; name = GoogleMaps.bundle; path = GoogleMaps.framework/Versions/A/Resources/GoogleMaps.bundle; sourceTree = "<group>"; };
		2D41559D1A84AFF2004B6A0E /* AVFoundation.framework */ = {isa = PBXFileReference; lastKnownFileType = wrapper.framework; name = AVFoundation.framework; path = System/Library/Frameworks/AVFoundation.framework; sourceTree = SDKROOT; };
		2D41559F1A84B001004B6A0E /* CoreData.framework */ = {isa = PBXFileReference; lastKnownFileType = wrapper.framework; name = CoreData.framework; path = System/Library/Frameworks/CoreData.framework; sourceTree = SDKROOT; };
		2D4155A11A84B00F004B6A0E /* CoreLocation.framework */ = {isa = PBXFileReference; lastKnownFileType = wrapper.framework; name = CoreLocation.framework; path = System/Library/Frameworks/CoreLocation.framework; sourceTree = SDKROOT; };
		2D4155A31A84B01E004B6A0E /* GLKit.framework */ = {isa = PBXFileReference; lastKnownFileType = wrapper.framework; name = GLKit.framework; path = System/Library/Frameworks/GLKit.framework; sourceTree = SDKROOT; };
		2D4155A51A84B02C004B6A0E /* ImageIO.framework */ = {isa = PBXFileReference; lastKnownFileType = wrapper.framework; name = ImageIO.framework; path = System/Library/Frameworks/ImageIO.framework; sourceTree = SDKROOT; };
		2D4155A71A84B03D004B6A0E /* libc++.dylib */ = {isa = PBXFileReference; lastKnownFileType = "compiled.mach-o.dylib"; name = "libc++.dylib"; path = "usr/lib/libc++.dylib"; sourceTree = SDKROOT; };
		2D4155A91A84B050004B6A0E /* libicucore.dylib */ = {isa = PBXFileReference; lastKnownFileType = "compiled.mach-o.dylib"; name = libicucore.dylib; path = usr/lib/libicucore.dylib; sourceTree = SDKROOT; };
		2D4155AB1A84B060004B6A0E /* libz.dylib */ = {isa = PBXFileReference; lastKnownFileType = "compiled.mach-o.dylib"; name = libz.dylib; path = usr/lib/libz.dylib; sourceTree = SDKROOT; };
		2D4155AD1A84B06E004B6A0E /* OpenGLES.framework */ = {isa = PBXFileReference; lastKnownFileType = wrapper.framework; name = OpenGLES.framework; path = System/Library/Frameworks/OpenGLES.framework; sourceTree = SDKROOT; };
		2D4155AF1A84B07B004B6A0E /* QuartzCore.framework */ = {isa = PBXFileReference; lastKnownFileType = wrapper.framework; name = QuartzCore.framework; path = System/Library/Frameworks/QuartzCore.framework; sourceTree = SDKROOT; };
		2D4155B11A84B08C004B6A0E /* SystemConfiguration.framework */ = {isa = PBXFileReference; lastKnownFileType = wrapper.framework; name = SystemConfiguration.framework; path = System/Library/Frameworks/SystemConfiguration.framework; sourceTree = SDKROOT; };
		2D4155B51A84B27F004B6A0E /* Map Tagger-Bridging-Header.h */ = {isa = PBXFileReference; lastKnownFileType = sourcecode.c.h; path = "Map Tagger-Bridging-Header.h"; sourceTree = "<group>"; };
/* End PBXFileReference section */

/* Begin PBXFrameworksBuildPhase section */
		2D4155701A84A571004B6A0E /* Frameworks */ = {
			isa = PBXFrameworksBuildPhase;
			buildActionMask = 2147483647;
			files = (
				2D4155B21A84B08C004B6A0E /* SystemConfiguration.framework in Frameworks */,
				2D4155B01A84B07B004B6A0E /* QuartzCore.framework in Frameworks */,
				2D4155AE1A84B06E004B6A0E /* OpenGLES.framework in Frameworks */,
				2D4155AC1A84B060004B6A0E /* libz.dylib in Frameworks */,
				2D4155AA1A84B050004B6A0E /* libicucore.dylib in Frameworks */,
				2D4155A81A84B03D004B6A0E /* libc++.dylib in Frameworks */,
				2D4155A61A84B02C004B6A0E /* ImageIO.framework in Frameworks */,
				2D4155A41A84B01E004B6A0E /* GLKit.framework in Frameworks */,
				2D4155A21A84B00F004B6A0E /* CoreLocation.framework in Frameworks */,
				2D4155A01A84B001004B6A0E /* CoreData.framework in Frameworks */,
				2D41559E1A84AFF2004B6A0E /* AVFoundation.framework in Frameworks */,
				2D41559A1A84AE4F004B6A0E /* GoogleMaps.framework in Frameworks */,
			);
			runOnlyForDeploymentPostprocessing = 0;
		};
		2D4155851A84A571004B6A0E /* Frameworks */ = {
			isa = PBXFrameworksBuildPhase;
			buildActionMask = 2147483647;
			files = (
			);
			runOnlyForDeploymentPostprocessing = 0;
		};
/* End PBXFrameworksBuildPhase section */

/* Begin PBXGroup section */
		2D41556A1A84A571004B6A0E = {
			isa = PBXGroup;
			children = (
				2D4155751A84A571004B6A0E /* Map Tagger */,
				2D41558B1A84A571004B6A0E /* Map TaggerTests */,
				2D4155741A84A571004B6A0E /* Products */,
				2D4155981A84A8C9004B6A0E /* Frameworks */,
				2D4155B51A84B27F004B6A0E /* Map Tagger-Bridging-Header.h */,
			);
			sourceTree = "<group>";
		};
		2D4155741A84A571004B6A0E /* Products */ = {
			isa = PBXGroup;
			children = (
				2D4155731A84A571004B6A0E /* Map Tagger.app */,
				2D4155881A84A571004B6A0E /* Map TaggerTests.xctest */,
			);
			name = Products;
			sourceTree = "<group>";
		};
		2D4155751A84A571004B6A0E /* Map Tagger */ = {
			isa = PBXGroup;
			children = (
				2D4155781A84A571004B6A0E /* AppDelegate.swift */,
				2D41557A1A84A571004B6A0E /* ViewController.swift */,
				2D2B595E1AA59B0E0074D11F /* DataManager.swift */,
				2D2B595C1AA5915F0074D11F /* SwiftyJSON.swift */,
				2D41557C1A84A571004B6A0E /* Main.storyboard */,
				2D115B731AB0346B005CCB1D /* Marker.swift */,
				2D115B711AB02CB2005CCB1D /* TableViewController.swift */,
				2D41557F1A84A571004B6A0E /* Images.xcassets */,
				2D4155811A84A571004B6A0E /* LaunchScreen.xib */,
				2D4155761A84A571004B6A0E /* Supporting Files */,
			);
			path = "Map Tagger";
			sourceTree = "<group>";
		};
		2D4155761A84A571004B6A0E /* Supporting Files */ = {
			isa = PBXGroup;
			children = (
				2D4155771A84A571004B6A0E /* Info.plist */,
			);
			name = "Supporting Files";
			sourceTree = "<group>";
		};
		2D41558B1A84A571004B6A0E /* Map TaggerTests */ = {
			isa = PBXGroup;
			children = (
				2D41558E1A84A571004B6A0E /* Map_TaggerTests.swift */,
				2D41558C1A84A571004B6A0E /* Supporting Files */,
			);
			path = "Map TaggerTests";
			sourceTree = "<group>";
		};
		2D41558C1A84A571004B6A0E /* Supporting Files */ = {
			isa = PBXGroup;
			children = (
				2D41558D1A84A571004B6A0E /* Info.plist */,
			);
			name = "Supporting Files";
			sourceTree = "<group>";
		};
		2D4155981A84A8C9004B6A0E /* Frameworks */ = {
			isa = PBXGroup;
			children = (
				2D4155B11A84B08C004B6A0E /* SystemConfiguration.framework */,
				2D4155AF1A84B07B004B6A0E /* QuartzCore.framework */,
				2D4155AD1A84B06E004B6A0E /* OpenGLES.framework */,
				2D4155AB1A84B060004B6A0E /* libz.dylib */,
				2D4155A91A84B050004B6A0E /* libicucore.dylib */,
				2D4155A71A84B03D004B6A0E /* libc++.dylib */,
				2D4155A51A84B02C004B6A0E /* ImageIO.framework */,
				2D4155A31A84B01E004B6A0E /* GLKit.framework */,
				2D4155A11A84B00F004B6A0E /* CoreLocation.framework */,
				2D41559F1A84B001004B6A0E /* CoreData.framework */,
				2D41559D1A84AFF2004B6A0E /* AVFoundation.framework */,
				2D41559B1A84AF4D004B6A0E /* GoogleMaps.bundle */,
				2D4155991A84AE4F004B6A0E /* GoogleMaps.framework */,
			);
			name = Frameworks;
			sourceTree = "<group>";
		};
/* End PBXGroup section */

/* Begin PBXNativeTarget section */
		2D4155721A84A571004B6A0E /* Map Tagger */ = {
			isa = PBXNativeTarget;
			buildConfigurationList = 2D4155921A84A571004B6A0E /* Build configuration list for PBXNativeTarget "Map Tagger" */;
			buildPhases = (
				2D41556F1A84A571004B6A0E /* Sources */,
				2D4155701A84A571004B6A0E /* Frameworks */,
				2D4155711A84A571004B6A0E /* Resources */,
			);
			buildRules = (
			);
			dependencies = (
			);
			name = "Map Tagger";
			productName = "Map Tagger";
			productReference = 2D4155731A84A571004B6A0E /* Map Tagger.app */;
			productType = "com.apple.product-type.application";
		};
		2D4155871A84A571004B6A0E /* Map TaggerTests */ = {
			isa = PBXNativeTarget;
			buildConfigurationList = 2D4155951A84A571004B6A0E /* Build configuration list for PBXNativeTarget "Map TaggerTests" */;
			buildPhases = (
				2D4155841A84A571004B6A0E /* Sources */,
				2D4155851A84A571004B6A0E /* Frameworks */,
				2D4155861A84A571004B6A0E /* Resources */,
			);
			buildRules = (
			);
			dependencies = (
				2D41558A1A84A571004B6A0E /* PBXTargetDependency */,
			);
			name = "Map TaggerTests";
			productName = "Map TaggerTests";
			productReference = 2D4155881A84A571004B6A0E /* Map TaggerTests.xctest */;
			productType = "com.apple.product-type.bundle.unit-test";
		};
/* End PBXNativeTarget section */

/* Begin PBXProject section */
		2D41556B1A84A571004B6A0E /* Project object */ = {
			isa = PBXProject;
			attributes = {
				LastUpgradeCheck = 0610;
				ORGANIZATIONNAME = sw5;
				TargetAttributes = {
					2D4155721A84A571004B6A0E = {
						CreatedOnToolsVersion = 6.1.1;
					};
					2D4155871A84A571004B6A0E = {
						CreatedOnToolsVersion = 6.1.1;
						TestTargetID = 2D4155721A84A571004B6A0E;
					};
				};
			};
			buildConfigurationList = 2D41556E1A84A571004B6A0E /* Build configuration list for PBXProject "Map Tagger" */;
			compatibilityVersion = "Xcode 3.2";
			developmentRegion = English;
			hasScannedForEncodings = 0;
			knownRegions = (
				en,
				Base,
			);
			mainGroup = 2D41556A1A84A571004B6A0E;
			productRefGroup = 2D4155741A84A571004B6A0E /* Products */;
			projectDirPath = "";
			projectRoot = "";
			targets = (
				2D4155721A84A571004B6A0E /* Map Tagger */,
				2D4155871A84A571004B6A0E /* Map TaggerTests */,
			);
		};
/* End PBXProject section */

/* Begin PBXResourcesBuildPhase section */
		2D4155711A84A571004B6A0E /* Resources */ = {
			isa = PBXResourcesBuildPhase;
			buildActionMask = 2147483647;
			files = (
				2D41557E1A84A571004B6A0E /* Main.storyboard in Resources */,
				2D4155831A84A571004B6A0E /* LaunchScreen.xib in Resources */,
				2D4155801A84A571004B6A0E /* Images.xcassets in Resources */,
				2D41559C1A84AF4D004B6A0E /* GoogleMaps.bundle in Resources */,
			);
			runOnlyForDeploymentPostprocessing = 0;
		};
		2D4155861A84A571004B6A0E /* Resources */ = {
			isa = PBXResourcesBuildPhase;
			buildActionMask = 2147483647;
			files = (
			);
			runOnlyForDeploymentPostprocessing = 0;
		};
/* End PBXResourcesBuildPhase section */

/* Begin PBXSourcesBuildPhase section */
		2D41556F1A84A571004B6A0E /* Sources */ = {
			isa = PBXSourcesBuildPhase;
			buildActionMask = 2147483647;
			files = (
				2D2B595D1AA5915F0074D11F /* SwiftyJSON.swift in Sources */,
				2D2B595F1AA59B0E0074D11F /* DataManager.swift in Sources */,
				2D41557B1A84A571004B6A0E /* ViewController.swift in Sources */,
				2D115B721AB02CB2005CCB1D /* TableViewController.swift in Sources */,
				2D4155791A84A571004B6A0E /* AppDelegate.swift in Sources */,
				2D115B741AB0346B005CCB1D /* Marker.swift in Sources */,
			);
			runOnlyForDeploymentPostprocessing = 0;
		};
		2D4155841A84A571004B6A0E /* Sources */ = {
			isa = PBXSourcesBuildPhase;
			buildActionMask = 2147483647;
			files = (
				2D41558F1A84A571004B6A0E /* Map_TaggerTests.swift in Sources */,
			);
			runOnlyForDeploymentPostprocessing = 0;
		};
/* End PBXSourcesBuildPhase section */

/* Begin PBXTargetDependency section */
		2D41558A1A84A571004B6A0E /* PBXTargetDependency */ = {
			isa = PBXTargetDependency;
			target = 2D4155721A84A571004B6A0E /* Map Tagger */;
			targetProxy = 2D4155891A84A571004B6A0E /* PBXContainerItemProxy */;
		};
/* End PBXTargetDependency section */

/* Begin PBXVariantGroup section */
		2D41557C1A84A571004B6A0E /* Main.storyboard */ = {
			isa = PBXVariantGroup;
			children = (
				2D41557D1A84A571004B6A0E /* Base */,
			);
			name = Main.storyboard;
			sourceTree = "<group>";
		};
		2D4155811A84A571004B6A0E /* LaunchScreen.xib */ = {
			isa = PBXVariantGroup;
			children = (
				2D4155821A84A571004B6A0E /* Base */,
			);
			name = LaunchScreen.xib;
			sourceTree = "<group>";
		};
/* End PBXVariantGroup section */

/* Begin XCBuildConfiguration section */
		2D4155901A84A571004B6A0E /* Debug */ = {
			isa = XCBuildConfiguration;
			buildSettings = {
				ALWAYS_SEARCH_USER_PATHS = NO;
				CLANG_CXX_LANGUAGE_STANDARD = "gnu++0x";
				CLANG_CXX_LIBRARY = "libc++";
				CLANG_ENABLE_MODULES = YES;
				CLANG_ENABLE_OBJC_ARC = YES;
				CLANG_WARN_BOOL_CONVERSION = YES;
				CLANG_WARN_CONSTANT_CONVERSION = YES;
				CLANG_WARN_DIRECT_OBJC_ISA_USAGE = YES_ERROR;
				CLANG_WARN_EMPTY_BODY = YES;
				CLANG_WARN_ENUM_CONVERSION = YES;
				CLANG_WARN_INT_CONVERSION = YES;
				CLANG_WARN_OBJC_ROOT_CLASS = YES_ERROR;
				CLANG_WARN_UNREACHABLE_CODE = YES;
				CLANG_WARN__DUPLICATE_METHOD_MATCH = YES;
				"CODE_SIGN_IDENTITY[sdk=iphoneos*]" = "iPhone Developer";
				COPY_PHASE_STRIP = NO;
				ENABLE_STRICT_OBJC_MSGSEND = YES;
				GCC_C_LANGUAGE_STANDARD = gnu99;
				GCC_DYNAMIC_NO_PIC = NO;
				GCC_OPTIMIZATION_LEVEL = 0;
				GCC_PREPROCESSOR_DEFINITIONS = (
					"DEBUG=1",
					"$(inherited)",
				);
				GCC_SYMBOLS_PRIVATE_EXTERN = NO;
				GCC_WARN_64_TO_32_BIT_CONVERSION = YES;
				GCC_WARN_ABOUT_RETURN_TYPE = YES_ERROR;
				GCC_WARN_UNDECLARED_SELECTOR = YES;
				GCC_WARN_UNINITIALIZED_AUTOS = YES_AGGRESSIVE;
				GCC_WARN_UNUSED_FUNCTION = YES;
				GCC_WARN_UNUSED_VARIABLE = YES;
				IPHONEOS_DEPLOYMENT_TARGET = 8.1;
				MTL_ENABLE_DEBUG_INFO = YES;
				ONLY_ACTIVE_ARCH = YES;
				OTHER_LDFLAGS = "-ObjC";
				SDKROOT = iphoneos;
				SWIFT_OPTIMIZATION_LEVEL = "-Onone";
			};
			name = Debug;
		};
		2D4155911A84A571004B6A0E /* Release */ = {
			isa = XCBuildConfiguration;
			buildSettings = {
				ALWAYS_SEARCH_USER_PATHS = NO;
				CLANG_CXX_LANGUAGE_STANDARD = "gnu++0x";
				CLANG_CXX_LIBRARY = "libc++";
				CLANG_ENABLE_MODULES = YES;
				CLANG_ENABLE_OBJC_ARC = YES;
				CLANG_WARN_BOOL_CONVERSION = YES;
				CLANG_WARN_CONSTANT_CONVERSION = YES;
				CLANG_WARN_DIRECT_OBJC_ISA_USAGE = YES_ERROR;
				CLANG_WARN_EMPTY_BODY = YES;
				CLANG_WARN_ENUM_CONVERSION = YES;
				CLANG_WARN_INT_CONVERSION = YES;
				CLANG_WARN_OBJC_ROOT_CLASS = YES_ERROR;
				CLANG_WARN_UNREACHABLE_CODE = YES;
				CLANG_WARN__DUPLICATE_METHOD_MATCH = YES;
				"CODE_SIGN_IDENTITY[sdk=iphoneos*]" = "iPhone Developer";
				COPY_PHASE_STRIP = YES;
				ENABLE_NS_ASSERTIONS = NO;
				ENABLE_STRICT_OBJC_MSGSEND = YES;
				GCC_C_LANGUAGE_STANDARD = gnu99;
				GCC_WARN_64_TO_32_BIT_CONVERSION = YES;
				GCC_WARN_ABOUT_RETURN_TYPE = YES_ERROR;
				GCC_WARN_UNDECLARED_SELECTOR = YES;
				GCC_WARN_UNINITIALIZED_AUTOS = YES_AGGRESSIVE;
				GCC_WARN_UNUSED_FUNCTION = YES;
				GCC_WARN_UNUSED_VARIABLE = YES;
				IPHONEOS_DEPLOYMENT_TARGET = 8.1;
				MTL_ENABLE_DEBUG_INFO = NO;
				OTHER_LDFLAGS = "-ObjC";
				SDKROOT = iphoneos;
				VALIDATE_PRODUCT = YES;
			};
			name = Release;
		};
		2D4155931A84A571004B6A0E /* Debug */ = {
			isa = XCBuildConfiguration;
			buildSettings = {
				ASSETCATALOG_COMPILER_APPICON_NAME = AppIcon;
				CLANG_ENABLE_MODULES = YES;
				CODE_SIGN_IDENTITY = "iPhone Developer";
				FRAMEWORK_SEARCH_PATHS = (
					"$(inherited)",
					"$(PROJECT_DIR)",
				);
				INFOPLIST_FILE = "Map Tagger/Info.plist";
				LD_RUNPATH_SEARCH_PATHS = "$(inherited) @executable_path/Frameworks";
				PRODUCT_NAME = "$(TARGET_NAME)";
				SWIFT_OBJC_BRIDGING_HEADER = "Map Tagger-Bridging-Header.h";
				SWIFT_OPTIMIZATION_LEVEL = "-Onone";
			};
			name = Debug;
		};
		2D4155941A84A571004B6A0E /* Release */ = {
			isa = XCBuildConfiguration;
			buildSettings = {
				ASSETCATALOG_COMPILER_APPICON_NAME = AppIcon;
				CLANG_ENABLE_MODULES = YES;
				CODE_SIGN_IDENTITY = "iPhone Developer";
				FRAMEWORK_SEARCH_PATHS = (
					"$(inherited)",
					"$(PROJECT_DIR)",
				);
				INFOPLIST_FILE = "Map Tagger/Info.plist";
				LD_RUNPATH_SEARCH_PATHS = "$(inherited) @executable_path/Frameworks";
				PRODUCT_NAME = "$(TARGET_NAME)";
				SWIFT_OBJC_BRIDGING_HEADER = "Map Tagger-Bridging-Header.h";
			};
			name = Release;
		};
		2D4155961A84A571004B6A0E /* Debug */ = {
			isa = XCBuildConfiguration;
			buildSettings = {
				BUNDLE_LOADER = "$(TEST_HOST)";
				FRAMEWORK_SEARCH_PATHS = (
					"$(SDKROOT)/Developer/Library/Frameworks",
					"$(inherited)",
				);
				GCC_PREPROCESSOR_DEFINITIONS = (
					"DEBUG=1",
					"$(inherited)",
				);
				INFOPLIST_FILE = "Map TaggerTests/Info.plist";
				LD_RUNPATH_SEARCH_PATHS = "$(inherited) @executable_path/Frameworks @loader_path/Frameworks";
				PRODUCT_NAME = "$(TARGET_NAME)";
				TEST_HOST = "$(BUILT_PRODUCTS_DIR)/Map Tagger.app/Map Tagger";
			};
			name = Debug;
		};
		2D4155971A84A571004B6A0E /* Release */ = {
			isa = XCBuildConfiguration;
			buildSettings = {
				BUNDLE_LOADER = "$(TEST_HOST)";
				FRAMEWORK_SEARCH_PATHS = (
					"$(SDKROOT)/Developer/Library/Frameworks",
					"$(inherited)",
				);
				INFOPLIST_FILE = "Map TaggerTests/Info.plist";
				LD_RUNPATH_SEARCH_PATHS = "$(inherited) @executable_path/Frameworks @loader_path/Frameworks";
				PRODUCT_NAME = "$(TARGET_NAME)";
				TEST_HOST = "$(BUILT_PRODUCTS_DIR)/Map Tagger.app/Map Tagger";
			};
			name = Release;
		};
/* End XCBuildConfiguration section */

/* Begin XCConfigurationList section */
		2D41556E1A84A571004B6A0E /* Build configuration list for PBXProject "Map Tagger" */ = {
			isa = XCConfigurationList;
			buildConfigurations = (
				2D4155901A84A571004B6A0E /* Debug */,
				2D4155911A84A571004B6A0E /* Release */,
			);
			defaultConfigurationIsVisible = 0;
			defaultConfigurationName = Release;
		};
		2D4155921A84A571004B6A0E /* Build configuration list for PBXNativeTarget "Map Tagger" */ = {
			isa = XCConfigurationList;
			buildConfigurations = (
				2D4155931A84A571004B6A0E /* Debug */,
				2D4155941A84A571004B6A0E /* Release */,
			);
			defaultConfigurationIsVisible = 0;
			defaultConfigurationName = Release;
		};
		2D4155951A84A571004B6A0E /* Build configuration list for PBXNativeTarget "Map TaggerTests" */ = {
			isa = XCConfigurationList;
			buildConfigurations = (
				2D4155961A84A571004B6A0E /* Debug */,
				2D4155971A84A571004B6A0E /* Release */,
			);
			defaultConfigurationIsVisible = 0;
			defaultConfigurationName = Release;
		};
/* End XCConfigurationList section */
	};
	rootObject = 2D41556B1A84A571004B6A0E /* Project object */;
}
